// !$*UTF8*$!
{
	archiveVersion = 1;
	classes = {
	};
	objectVersion = 56;
	objects = {

/* Begin PBXBuildFile section */
		2229FC382943D26E002C6C37 /* AppDelegate.swift in Sources */ = {isa = PBXBuildFile; fileRef = 2229FC372943D26E002C6C37 /* AppDelegate.swift */; };
		2229FC412943D273002C6C37 /* Assets.xcassets in Resources */ = {isa = PBXBuildFile; fileRef = 2229FC402943D273002C6C37 /* Assets.xcassets */; };
		2229FC442943D273002C6C37 /* LaunchScreen.storyboard in Resources */ = {isa = PBXBuildFile; fileRef = 2229FC422943D273002C6C37 /* LaunchScreen.storyboard */; };
		2229FC4F2943D273002C6C37 /* MoviesListTests.swift in Sources */ = {isa = PBXBuildFile; fileRef = 2229FC4E2943D273002C6C37 /* MoviesListTests.swift */; };
		2229FC592943D274002C6C37 /* MoviesListUITests.swift in Sources */ = {isa = PBXBuildFile; fileRef = 2229FC582943D274002C6C37 /* MoviesListUITests.swift */; };
		2229FC5B2943D274002C6C37 /* MoviesListUITestsLaunchTests.swift in Sources */ = {isa = PBXBuildFile; fileRef = 2229FC5A2943D274002C6C37 /* MoviesListUITestsLaunchTests.swift */; };
		22538B1B295499130088A336 /* MovieDetailPresenter.swift in Sources */ = {isa = PBXBuildFile; fileRef = 22538B1A295499130088A336 /* MovieDetailPresenter.swift */; };
		22538B1D295499870088A336 /* MovieDetailViewController.swift in Sources */ = {isa = PBXBuildFile; fileRef = 22538B1C295499870088A336 /* MovieDetailViewController.swift */; };
		22538B2029549AE50088A336 /* DetailViewData.swift in Sources */ = {isa = PBXBuildFile; fileRef = 22538B1F29549AE50088A336 /* DetailViewData.swift */; };
		22538B2429549BED0088A336 /* MovieDetailView.swift in Sources */ = {isa = PBXBuildFile; fileRef = 22538B2329549BED0088A336 /* MovieDetailView.swift */; };
		22538B262954CD950088A336 /* NSAttributedString+Extension.swift in Sources */ = {isa = PBXBuildFile; fileRef = 22538B252954CD950088A336 /* NSAttributedString+Extension.swift */; };
		229E11482947C05A00A941BB /* MoviesViewController.swift in Sources */ = {isa = PBXBuildFile; fileRef = 229E11472947C05A00A941BB /* MoviesViewController.swift */; };
		229E114A2947C0E000A941BB /* MoviesPresenter.swift in Sources */ = {isa = PBXBuildFile; fileRef = 229E11492947C0E000A941BB /* MoviesPresenter.swift */; };
		229E114C2947C13F00A941BB /* MoviesInteractor.swift in Sources */ = {isa = PBXBuildFile; fileRef = 229E114B2947C13F00A941BB /* MoviesInteractor.swift */; };
		229E114E2947C26C00A941BB /* MoviesCustomView.swift in Sources */ = {isa = PBXBuildFile; fileRef = 229E114D2947C26C00A941BB /* MoviesCustomView.swift */; };
		229E11502947C3ED00A941BB /* UITableView+Extension.swift in Sources */ = {isa = PBXBuildFile; fileRef = 229E114F2947C3ED00A941BB /* UITableView+Extension.swift */; };
		229E11522947C44000A941BB /* MoviesFactory.swift in Sources */ = {isa = PBXBuildFile; fileRef = 229E11512947C44000A941BB /* MoviesFactory.swift */; };
		229E11542947C64600A941BB /* MoviesResponse.swift in Sources */ = {isa = PBXBuildFile; fileRef = 229E11532947C64600A941BB /* MoviesResponse.swift */; };
		229E11562947C8D700A941BB /* MoviesWorker.swift in Sources */ = {isa = PBXBuildFile; fileRef = 229E11552947C8D700A941BB /* MoviesWorker.swift */; };
		229E11582947CD3100A941BB /* MoviesViewData.swift in Sources */ = {isa = PBXBuildFile; fileRef = 229E11572947CD3100A941BB /* MoviesViewData.swift */; };
		229E115A2947D07A00A941BB /* MoviesTableViewCell.swift in Sources */ = {isa = PBXBuildFile; fileRef = 229E11592947D07A00A941BB /* MoviesTableViewCell.swift */; };
		22B36344294A2FDD005AF570 /* String+Extension.swift in Sources */ = {isa = PBXBuildFile; fileRef = 22B36343294A2FDD005AF570 /* String+Extension.swift */; };
		22B36346294A302C005AF570 /* UIView+Extension.swift in Sources */ = {isa = PBXBuildFile; fileRef = 22B36345294A302C005AF570 /* UIView+Extension.swift */; };
		22B8BC8C294A10C000E85CCD /* MovieDetailFactory.swift in Sources */ = {isa = PBXBuildFile; fileRef = 22B8BC8B294A10C000E85CCD /* MovieDetailFactory.swift */; };
		22B8BC90294A114C00E85CCD /* MovieDetailInteractor.swift in Sources */ = {isa = PBXBuildFile; fileRef = 22B8BC8F294A114C00E85CCD /* MovieDetailInteractor.swift */; };
		22B8BC93294A11BD00E85CCD /* MovieDetailDataStore.swift in Sources */ = {isa = PBXBuildFile; fileRef = 22B8BC92294A11BD00E85CCD /* MovieDetailDataStore.swift */; };
		22E313A72949170800C483DE /* MoviesDataStore.swift in Sources */ = {isa = PBXBuildFile; fileRef = 22E313A62949170800C483DE /* MoviesDataStore.swift */; };
		22E313A929491AB900C483DE /* MoviesRouter.swift in Sources */ = {isa = PBXBuildFile; fileRef = 22E313A829491AB900C483DE /* MoviesRouter.swift */; };
		22E313AB294925CA00C483DE /* UIColor+Extension.swift in Sources */ = {isa = PBXBuildFile; fileRef = 22E313AA294925CA00C483DE /* UIColor+Extension.swift */; };
		22E313AD29492A8B00C483DE /* CGRect+Extension.swift in Sources */ = {isa = PBXBuildFile; fileRef = 22E313AC29492A8B00C483DE /* CGRect+Extension.swift */; };
		2C1A7AB984AB60D0D37637E6 /* Pods_MoviesListTests.framework in Frameworks */ = {isa = PBXBuildFile; fileRef = 609E29AAD723FAF481AC29CA /* Pods_MoviesListTests.framework */; };
		78E2C25F6EE422E80C891FD2 /* Pods_MoviesList.framework in Frameworks */ = {isa = PBXBuildFile; fileRef = 832D39328846092A7B3280C3 /* Pods_MoviesList.framework */; };
		D12C14983FA706771A379508 /* Pods_MoviesList_MoviesListUITests.framework in Frameworks */ = {isa = PBXBuildFile; fileRef = C6A39A3D6403F6A76CA3A19E /* Pods_MoviesList_MoviesListUITests.framework */; };
/* End PBXBuildFile section */

/* Begin PBXContainerItemProxy section */
		2229FC4B2943D273002C6C37 /* PBXContainerItemProxy */ = {
			isa = PBXContainerItemProxy;
			containerPortal = 2229FC2C2943D26D002C6C37 /* Project object */;
			proxyType = 1;
			remoteGlobalIDString = 2229FC332943D26E002C6C37;
			remoteInfo = MoviesList;
		};
		2229FC552943D274002C6C37 /* PBXContainerItemProxy */ = {
			isa = PBXContainerItemProxy;
			containerPortal = 2229FC2C2943D26D002C6C37 /* Project object */;
			proxyType = 1;
			remoteGlobalIDString = 2229FC332943D26E002C6C37;
			remoteInfo = MoviesList;
		};
/* End PBXContainerItemProxy section */

/* Begin PBXFileReference section */
		028C1FC8F8942999F2322A41 /* Pods-MoviesList.release.xcconfig */ = {isa = PBXFileReference; includeInIndex = 1; lastKnownFileType = text.xcconfig; name = "Pods-MoviesList.release.xcconfig"; path = "Target Support Files/Pods-MoviesList/Pods-MoviesList.release.xcconfig"; sourceTree = "<group>"; };
		2229FC342943D26E002C6C37 /* MoviesList.app */ = {isa = PBXFileReference; explicitFileType = wrapper.application; includeInIndex = 0; path = MoviesList.app; sourceTree = BUILT_PRODUCTS_DIR; };
		2229FC372943D26E002C6C37 /* AppDelegate.swift */ = {isa = PBXFileReference; lastKnownFileType = sourcecode.swift; path = AppDelegate.swift; sourceTree = "<group>"; };
		2229FC402943D273002C6C37 /* Assets.xcassets */ = {isa = PBXFileReference; lastKnownFileType = folder.assetcatalog; path = Assets.xcassets; sourceTree = "<group>"; };
		2229FC432943D273002C6C37 /* Base */ = {isa = PBXFileReference; lastKnownFileType = file.storyboard; name = Base; path = Base.lproj/LaunchScreen.storyboard; sourceTree = "<group>"; };
		2229FC452943D273002C6C37 /* Info.plist */ = {isa = PBXFileReference; lastKnownFileType = text.plist.xml; path = Info.plist; sourceTree = "<group>"; };
		2229FC4A2943D273002C6C37 /* MoviesListTests.xctest */ = {isa = PBXFileReference; explicitFileType = wrapper.cfbundle; includeInIndex = 0; path = MoviesListTests.xctest; sourceTree = BUILT_PRODUCTS_DIR; };
		2229FC4E2943D273002C6C37 /* MoviesListTests.swift */ = {isa = PBXFileReference; lastKnownFileType = sourcecode.swift; path = MoviesListTests.swift; sourceTree = "<group>"; };
		2229FC542943D274002C6C37 /* MoviesListUITests.xctest */ = {isa = PBXFileReference; explicitFileType = wrapper.cfbundle; includeInIndex = 0; path = MoviesListUITests.xctest; sourceTree = BUILT_PRODUCTS_DIR; };
		2229FC582943D274002C6C37 /* MoviesListUITests.swift */ = {isa = PBXFileReference; lastKnownFileType = sourcecode.swift; path = MoviesListUITests.swift; sourceTree = "<group>"; };
		2229FC5A2943D274002C6C37 /* MoviesListUITestsLaunchTests.swift */ = {isa = PBXFileReference; lastKnownFileType = sourcecode.swift; path = MoviesListUITestsLaunchTests.swift; sourceTree = "<group>"; };
		22538B1A295499130088A336 /* MovieDetailPresenter.swift */ = {isa = PBXFileReference; lastKnownFileType = sourcecode.swift; path = MovieDetailPresenter.swift; sourceTree = "<group>"; };
		22538B1C295499870088A336 /* MovieDetailViewController.swift */ = {isa = PBXFileReference; lastKnownFileType = sourcecode.swift; path = MovieDetailViewController.swift; sourceTree = "<group>"; };
		22538B1F29549AE50088A336 /* DetailViewData.swift */ = {isa = PBXFileReference; lastKnownFileType = sourcecode.swift; path = DetailViewData.swift; sourceTree = "<group>"; };
		22538B2329549BED0088A336 /* MovieDetailView.swift */ = {isa = PBXFileReference; lastKnownFileType = sourcecode.swift; path = MovieDetailView.swift; sourceTree = "<group>"; };
		22538B252954CD950088A336 /* NSAttributedString+Extension.swift */ = {isa = PBXFileReference; lastKnownFileType = sourcecode.swift; path = "NSAttributedString+Extension.swift"; sourceTree = "<group>"; };
		229E11472947C05A00A941BB /* MoviesViewController.swift */ = {isa = PBXFileReference; lastKnownFileType = sourcecode.swift; path = MoviesViewController.swift; sourceTree = "<group>"; };
		229E11492947C0E000A941BB /* MoviesPresenter.swift */ = {isa = PBXFileReference; lastKnownFileType = sourcecode.swift; path = MoviesPresenter.swift; sourceTree = "<group>"; };
		229E114B2947C13F00A941BB /* MoviesInteractor.swift */ = {isa = PBXFileReference; lastKnownFileType = sourcecode.swift; path = MoviesInteractor.swift; sourceTree = "<group>"; };
		229E114D2947C26C00A941BB /* MoviesCustomView.swift */ = {isa = PBXFileReference; lastKnownFileType = sourcecode.swift; path = MoviesCustomView.swift; sourceTree = "<group>"; };
		229E114F2947C3ED00A941BB /* UITableView+Extension.swift */ = {isa = PBXFileReference; lastKnownFileType = sourcecode.swift; path = "UITableView+Extension.swift"; sourceTree = "<group>"; };
		229E11512947C44000A941BB /* MoviesFactory.swift */ = {isa = PBXFileReference; lastKnownFileType = sourcecode.swift; path = MoviesFactory.swift; sourceTree = "<group>"; };
		229E11532947C64600A941BB /* MoviesResponse.swift */ = {isa = PBXFileReference; lastKnownFileType = sourcecode.swift; path = MoviesResponse.swift; sourceTree = "<group>"; };
		229E11552947C8D700A941BB /* MoviesWorker.swift */ = {isa = PBXFileReference; lastKnownFileType = sourcecode.swift; path = MoviesWorker.swift; sourceTree = "<group>"; };
		229E11572947CD3100A941BB /* MoviesViewData.swift */ = {isa = PBXFileReference; lastKnownFileType = sourcecode.swift; path = MoviesViewData.swift; sourceTree = "<group>"; };
		229E11592947D07A00A941BB /* MoviesTableViewCell.swift */ = {isa = PBXFileReference; lastKnownFileType = sourcecode.swift; path = MoviesTableViewCell.swift; sourceTree = "<group>"; };
		22B36343294A2FDD005AF570 /* String+Extension.swift */ = {isa = PBXFileReference; lastKnownFileType = sourcecode.swift; path = "String+Extension.swift"; sourceTree = "<group>"; };
		22B36345294A302C005AF570 /* UIView+Extension.swift */ = {isa = PBXFileReference; lastKnownFileType = sourcecode.swift; path = "UIView+Extension.swift"; sourceTree = "<group>"; };
		22B8BC8B294A10C000E85CCD /* MovieDetailFactory.swift */ = {isa = PBXFileReference; lastKnownFileType = sourcecode.swift; path = MovieDetailFactory.swift; sourceTree = "<group>"; };
		22B8BC8F294A114C00E85CCD /* MovieDetailInteractor.swift */ = {isa = PBXFileReference; lastKnownFileType = sourcecode.swift; path = MovieDetailInteractor.swift; sourceTree = "<group>"; };
		22B8BC92294A11BD00E85CCD /* MovieDetailDataStore.swift */ = {isa = PBXFileReference; lastKnownFileType = sourcecode.swift; path = MovieDetailDataStore.swift; sourceTree = "<group>"; };
		22E313A62949170800C483DE /* MoviesDataStore.swift */ = {isa = PBXFileReference; lastKnownFileType = sourcecode.swift; path = MoviesDataStore.swift; sourceTree = "<group>"; };
		22E313A829491AB900C483DE /* MoviesRouter.swift */ = {isa = PBXFileReference; lastKnownFileType = sourcecode.swift; path = MoviesRouter.swift; sourceTree = "<group>"; };
		22E313AA294925CA00C483DE /* UIColor+Extension.swift */ = {isa = PBXFileReference; lastKnownFileType = sourcecode.swift; path = "UIColor+Extension.swift"; sourceTree = "<group>"; };
		22E313AC29492A8B00C483DE /* CGRect+Extension.swift */ = {isa = PBXFileReference; lastKnownFileType = sourcecode.swift; path = "CGRect+Extension.swift"; sourceTree = "<group>"; };
		25F28CE2291FA660387559C7 /* Pods-MoviesListTests.release.xcconfig */ = {isa = PBXFileReference; includeInIndex = 1; lastKnownFileType = text.xcconfig; name = "Pods-MoviesListTests.release.xcconfig"; path = "Target Support Files/Pods-MoviesListTests/Pods-MoviesListTests.release.xcconfig"; sourceTree = "<group>"; };
		609E29AAD723FAF481AC29CA /* Pods_MoviesListTests.framework */ = {isa = PBXFileReference; explicitFileType = wrapper.framework; includeInIndex = 0; path = Pods_MoviesListTests.framework; sourceTree = BUILT_PRODUCTS_DIR; };
		63A4120B471D38B49A8D481F /* Pods-MoviesList-MoviesListUITests.debug.xcconfig */ = {isa = PBXFileReference; includeInIndex = 1; lastKnownFileType = text.xcconfig; name = "Pods-MoviesList-MoviesListUITests.debug.xcconfig"; path = "Target Support Files/Pods-MoviesList-MoviesListUITests/Pods-MoviesList-MoviesListUITests.debug.xcconfig"; sourceTree = "<group>"; };
		832D39328846092A7B3280C3 /* Pods_MoviesList.framework */ = {isa = PBXFileReference; explicitFileType = wrapper.framework; includeInIndex = 0; path = Pods_MoviesList.framework; sourceTree = BUILT_PRODUCTS_DIR; };
		C6A39A3D6403F6A76CA3A19E /* Pods_MoviesList_MoviesListUITests.framework */ = {isa = PBXFileReference; explicitFileType = wrapper.framework; includeInIndex = 0; path = Pods_MoviesList_MoviesListUITests.framework; sourceTree = BUILT_PRODUCTS_DIR; };
		D60E064A782A875FD67A032B /* Pods-MoviesList.debug.xcconfig */ = {isa = PBXFileReference; includeInIndex = 1; lastKnownFileType = text.xcconfig; name = "Pods-MoviesList.debug.xcconfig"; path = "Target Support Files/Pods-MoviesList/Pods-MoviesList.debug.xcconfig"; sourceTree = "<group>"; };
		EC291045960CCB18B0CA3AD6 /* Pods-MoviesListTests.debug.xcconfig */ = {isa = PBXFileReference; includeInIndex = 1; lastKnownFileType = text.xcconfig; name = "Pods-MoviesListTests.debug.xcconfig"; path = "Target Support Files/Pods-MoviesListTests/Pods-MoviesListTests.debug.xcconfig"; sourceTree = "<group>"; };
		F50DA52B0035D531484E9342 /* Pods-MoviesList-MoviesListUITests.release.xcconfig */ = {isa = PBXFileReference; includeInIndex = 1; lastKnownFileType = text.xcconfig; name = "Pods-MoviesList-MoviesListUITests.release.xcconfig"; path = "Target Support Files/Pods-MoviesList-MoviesListUITests/Pods-MoviesList-MoviesListUITests.release.xcconfig"; sourceTree = "<group>"; };
/* End PBXFileReference section */

/* Begin PBXFrameworksBuildPhase section */
		2229FC312943D26E002C6C37 /* Frameworks */ = {
			isa = PBXFrameworksBuildPhase;
			buildActionMask = 2147483647;
			files = (
				78E2C25F6EE422E80C891FD2 /* Pods_MoviesList.framework in Frameworks */,
			);
			runOnlyForDeploymentPostprocessing = 0;
		};
		2229FC472943D273002C6C37 /* Frameworks */ = {
			isa = PBXFrameworksBuildPhase;
			buildActionMask = 2147483647;
			files = (
				2C1A7AB984AB60D0D37637E6 /* Pods_MoviesListTests.framework in Frameworks */,
			);
			runOnlyForDeploymentPostprocessing = 0;
		};
		2229FC512943D274002C6C37 /* Frameworks */ = {
			isa = PBXFrameworksBuildPhase;
			buildActionMask = 2147483647;
			files = (
				D12C14983FA706771A379508 /* Pods_MoviesList_MoviesListUITests.framework in Frameworks */,
			);
			runOnlyForDeploymentPostprocessing = 0;
		};
/* End PBXFrameworksBuildPhase section */

/* Begin PBXGroup section */
		2229FC2B2943D26D002C6C37 = {
			isa = PBXGroup;
			children = (
				2229FC362943D26E002C6C37 /* MoviesList */,
				2229FC4D2943D273002C6C37 /* MoviesListTests */,
				2229FC572943D274002C6C37 /* MoviesListUITests */,
				2229FC352943D26E002C6C37 /* Products */,
				64496BC4410722B6F9C2F531 /* Pods */,
				F27D6FF9C6CFC9793A935BE4 /* Frameworks */,
			);
			sourceTree = "<group>";
		};
		2229FC352943D26E002C6C37 /* Products */ = {
			isa = PBXGroup;
			children = (
				2229FC342943D26E002C6C37 /* MoviesList.app */,
				2229FC4A2943D273002C6C37 /* MoviesListTests.xctest */,
				2229FC542943D274002C6C37 /* MoviesListUITests.xctest */,
			);
			name = Products;
			sourceTree = "<group>";
		};
		2229FC362943D26E002C6C37 /* MoviesList */ = {
			isa = PBXGroup;
			children = (
				2229FC372943D26E002C6C37 /* AppDelegate.swift */,
				2229FC402943D273002C6C37 /* Assets.xcassets */,
				2229FC452943D273002C6C37 /* Info.plist */,
				2229FC422943D273002C6C37 /* LaunchScreen.storyboard */,
				229E113B2947BF9D00A941BB /* Scenes */,
				229E113C2947BFAA00A941BB /* Support */,
			);
			path = MoviesList;
			sourceTree = "<group>";
		};
		2229FC4D2943D273002C6C37 /* MoviesListTests */ = {
			isa = PBXGroup;
			children = (
				2229FC4E2943D273002C6C37 /* MoviesListTests.swift */,
			);
			path = MoviesListTests;
			sourceTree = "<group>";
		};
		2229FC572943D274002C6C37 /* MoviesListUITests */ = {
			isa = PBXGroup;
			children = (
				2229FC582943D274002C6C37 /* MoviesListUITests.swift */,
				2229FC5A2943D274002C6C37 /* MoviesListUITestsLaunchTests.swift */,
			);
			path = MoviesListUITests;
			sourceTree = "<group>";
		};
		22538B1E29549ACB0088A336 /* Model */ = {
			isa = PBXGroup;
			children = (
				22538B1F29549AE50088A336 /* DetailViewData.swift */,
			);
			path = Model;
			sourceTree = "<group>";
		};
		22538B2129549BC80088A336 /* View */ = {
			isa = PBXGroup;
			children = (
				22538B2329549BED0088A336 /* MovieDetailView.swift */,
			);
			path = View;
			sourceTree = "<group>";
		};
		229E113B2947BF9D00A941BB /* Scenes */ = {
			isa = PBXGroup;
			children = (
				229E113E2947BFCB00A941BB /* Details */,
				229E113D2947BFC200A941BB /* Movies */,
			);
			path = Scenes;
			sourceTree = "<group>";
		};
		229E113C2947BFAA00A941BB /* Support */ = {
			isa = PBXGroup;
			children = (
				229E113F2947BFDC00A941BB /* Extensions */,
			);
			path = Support;
			sourceTree = "<group>";
		};
		229E113D2947BFC200A941BB /* Movies */ = {
			isa = PBXGroup;
			children = (
				229E11402947BFFA00A941BB /* DataStore */,
				229E11412947C00200A941BB /* Factory */,
				229E11422947C00700A941BB /* Model */,
				229E11432947C00B00A941BB /* Router */,
				229E11442947C01100A941BB /* View */,
				229E11452947C01A00A941BB /* VIP */,
				229E11462947C02E00A941BB /* Worker */,
			);
			path = Movies;
			sourceTree = "<group>";
		};
		229E113E2947BFCB00A941BB /* Details */ = {
			isa = PBXGroup;
			children = (
				22B8BC91294A11AC00E85CCD /* DataStore */,
				22B8BC8D294A112D00E85CCD /* Factory */,
				22538B1E29549ACB0088A336 /* Model */,
				22538B2129549BC80088A336 /* View */,
				22B8BC8E294A113800E85CCD /* VIP */,
			);
			path = Details;
			sourceTree = "<group>";
		};
		229E113F2947BFDC00A941BB /* Extensions */ = {
			isa = PBXGroup;
			children = (
				229E114F2947C3ED00A941BB /* UITableView+Extension.swift */,
				22E313AA294925CA00C483DE /* UIColor+Extension.swift */,
				22E313AC29492A8B00C483DE /* CGRect+Extension.swift */,
				22B36343294A2FDD005AF570 /* String+Extension.swift */,
				22B36345294A302C005AF570 /* UIView+Extension.swift */,
				22538B252954CD950088A336 /* NSAttributedString+Extension.swift */,
			);
			path = Extensions;
			sourceTree = "<group>";
		};
		229E11402947BFFA00A941BB /* DataStore */ = {
			isa = PBXGroup;
			children = (
				22E313A62949170800C483DE /* MoviesDataStore.swift */,
			);
			path = DataStore;
			sourceTree = "<group>";
		};
		229E11412947C00200A941BB /* Factory */ = {
			isa = PBXGroup;
			children = (
				229E11512947C44000A941BB /* MoviesFactory.swift */,
			);
			path = Factory;
			sourceTree = "<group>";
		};
		229E11422947C00700A941BB /* Model */ = {
			isa = PBXGroup;
			children = (
				229E11532947C64600A941BB /* MoviesResponse.swift */,
				229E11572947CD3100A941BB /* MoviesViewData.swift */,
			);
			path = Model;
			sourceTree = "<group>";
		};
		229E11432947C00B00A941BB /* Router */ = {
			isa = PBXGroup;
			children = (
				22E313A829491AB900C483DE /* MoviesRouter.swift */,
			);
			path = Router;
			sourceTree = "<group>";
		};
		229E11442947C01100A941BB /* View */ = {
			isa = PBXGroup;
			children = (
				229E114D2947C26C00A941BB /* MoviesCustomView.swift */,
				229E11592947D07A00A941BB /* MoviesTableViewCell.swift */,
			);
			path = View;
			sourceTree = "<group>";
		};
		229E11452947C01A00A941BB /* VIP */ = {
			isa = PBXGroup;
			children = (
				229E114B2947C13F00A941BB /* MoviesInteractor.swift */,
				229E11492947C0E000A941BB /* MoviesPresenter.swift */,
				229E11472947C05A00A941BB /* MoviesViewController.swift */,
			);
			path = VIP;
			sourceTree = "<group>";
		};
		229E11462947C02E00A941BB /* Worker */ = {
			isa = PBXGroup;
			children = (
				229E11552947C8D700A941BB /* MoviesWorker.swift */,
			);
			path = Worker;
			sourceTree = "<group>";
		};
		22B8BC8D294A112D00E85CCD /* Factory */ = {
			isa = PBXGroup;
			children = (
				22B8BC8B294A10C000E85CCD /* MovieDetailFactory.swift */,
			);
			path = Factory;
			sourceTree = "<group>";
		};
		22B8BC8E294A113800E85CCD /* VIP */ = {
			isa = PBXGroup;
			children = (
				22B8BC8F294A114C00E85CCD /* MovieDetailInteractor.swift */,
				22538B1A295499130088A336 /* MovieDetailPresenter.swift */,
				22538B1C295499870088A336 /* MovieDetailViewController.swift */,
			);
			path = VIP;
			sourceTree = "<group>";
		};
		22B8BC91294A11AC00E85CCD /* DataStore */ = {
			isa = PBXGroup;
			children = (
				22B8BC92294A11BD00E85CCD /* MovieDetailDataStore.swift */,
			);
			path = DataStore;
			sourceTree = "<group>";
		};
		64496BC4410722B6F9C2F531 /* Pods */ = {
			isa = PBXGroup;
			children = (
				D60E064A782A875FD67A032B /* Pods-MoviesList.debug.xcconfig */,
				028C1FC8F8942999F2322A41 /* Pods-MoviesList.release.xcconfig */,
				63A4120B471D38B49A8D481F /* Pods-MoviesList-MoviesListUITests.debug.xcconfig */,
				F50DA52B0035D531484E9342 /* Pods-MoviesList-MoviesListUITests.release.xcconfig */,
				EC291045960CCB18B0CA3AD6 /* Pods-MoviesListTests.debug.xcconfig */,
				25F28CE2291FA660387559C7 /* Pods-MoviesListTests.release.xcconfig */,
			);
			path = Pods;
			sourceTree = "<group>";
		};
		F27D6FF9C6CFC9793A935BE4 /* Frameworks */ = {
			isa = PBXGroup;
			children = (
				832D39328846092A7B3280C3 /* Pods_MoviesList.framework */,
				C6A39A3D6403F6A76CA3A19E /* Pods_MoviesList_MoviesListUITests.framework */,
				609E29AAD723FAF481AC29CA /* Pods_MoviesListTests.framework */,
			);
			name = Frameworks;
			sourceTree = "<group>";
		};
/* End PBXGroup section */

/* Begin PBXNativeTarget section */
		2229FC332943D26E002C6C37 /* MoviesList */ = {
			isa = PBXNativeTarget;
			buildConfigurationList = 2229FC5E2943D274002C6C37 /* Build configuration list for PBXNativeTarget "MoviesList" */;
			buildPhases = (
				0DA227D208361C89AD05D095 /* [CP] Check Pods Manifest.lock */,
				2229FC302943D26E002C6C37 /* Sources */,
				2229FC312943D26E002C6C37 /* Frameworks */,
				2229FC322943D26E002C6C37 /* Resources */,
				BC54C6AFCC8A98B832F28615 /* [CP] Embed Pods Frameworks */,
			);
			buildRules = (
			);
			dependencies = (
			);
			name = MoviesList;
			productName = MoviesList;
			productReference = 2229FC342943D26E002C6C37 /* MoviesList.app */;
			productType = "com.apple.product-type.application";
		};
		2229FC492943D273002C6C37 /* MoviesListTests */ = {
			isa = PBXNativeTarget;
			buildConfigurationList = 2229FC612943D274002C6C37 /* Build configuration list for PBXNativeTarget "MoviesListTests" */;
			buildPhases = (
				A1E6164E58275C5740830E88 /* [CP] Check Pods Manifest.lock */,
				2229FC462943D273002C6C37 /* Sources */,
				2229FC472943D273002C6C37 /* Frameworks */,
				2229FC482943D273002C6C37 /* Resources */,
			);
			buildRules = (
			);
			dependencies = (
				2229FC4C2943D273002C6C37 /* PBXTargetDependency */,
			);
			name = MoviesListTests;
			productName = MoviesListTests;
			productReference = 2229FC4A2943D273002C6C37 /* MoviesListTests.xctest */;
			productType = "com.apple.product-type.bundle.unit-test";
		};
		2229FC532943D274002C6C37 /* MoviesListUITests */ = {
			isa = PBXNativeTarget;
			buildConfigurationList = 2229FC642943D274002C6C37 /* Build configuration list for PBXNativeTarget "MoviesListUITests" */;
			buildPhases = (
				4F930C25C597B0CEF12E3EE1 /* [CP] Check Pods Manifest.lock */,
				2229FC502943D274002C6C37 /* Sources */,
				2229FC512943D274002C6C37 /* Frameworks */,
				2229FC522943D274002C6C37 /* Resources */,
				BBD4D67B922B3DED80677632 /* [CP] Embed Pods Frameworks */,
			);
			buildRules = (
			);
			dependencies = (
				2229FC562943D274002C6C37 /* PBXTargetDependency */,
			);
			name = MoviesListUITests;
			productName = MoviesListUITests;
			productReference = 2229FC542943D274002C6C37 /* MoviesListUITests.xctest */;
			productType = "com.apple.product-type.bundle.ui-testing";
		};
/* End PBXNativeTarget section */

/* Begin PBXProject section */
		2229FC2C2943D26D002C6C37 /* Project object */ = {
			isa = PBXProject;
			attributes = {
				BuildIndependentTargetsInParallel = 1;
				LastSwiftUpdateCheck = 1410;
				LastUpgradeCheck = 1410;
				TargetAttributes = {
					2229FC332943D26E002C6C37 = {
						CreatedOnToolsVersion = 14.1;
					};
					2229FC492943D273002C6C37 = {
						CreatedOnToolsVersion = 14.1;
						TestTargetID = 2229FC332943D26E002C6C37;
					};
					2229FC532943D274002C6C37 = {
						CreatedOnToolsVersion = 14.1;
						TestTargetID = 2229FC332943D26E002C6C37;
					};
				};
			};
			buildConfigurationList = 2229FC2F2943D26D002C6C37 /* Build configuration list for PBXProject "MoviesList" */;
			compatibilityVersion = "Xcode 14.0";
			developmentRegion = en;
			hasScannedForEncodings = 0;
			knownRegions = (
				en,
				Base,
			);
			mainGroup = 2229FC2B2943D26D002C6C37;
			productRefGroup = 2229FC352943D26E002C6C37 /* Products */;
			projectDirPath = "";
			projectRoot = "";
			targets = (
				2229FC332943D26E002C6C37 /* MoviesList */,
				2229FC492943D273002C6C37 /* MoviesListTests */,
				2229FC532943D274002C6C37 /* MoviesListUITests */,
			);
		};
/* End PBXProject section */

/* Begin PBXResourcesBuildPhase section */
		2229FC322943D26E002C6C37 /* Resources */ = {
			isa = PBXResourcesBuildPhase;
			buildActionMask = 2147483647;
			files = (
				2229FC442943D273002C6C37 /* LaunchScreen.storyboard in Resources */,
				2229FC412943D273002C6C37 /* Assets.xcassets in Resources */,
			);
			runOnlyForDeploymentPostprocessing = 0;
		};
		2229FC482943D273002C6C37 /* Resources */ = {
			isa = PBXResourcesBuildPhase;
			buildActionMask = 2147483647;
			files = (
			);
			runOnlyForDeploymentPostprocessing = 0;
		};
		2229FC522943D274002C6C37 /* Resources */ = {
			isa = PBXResourcesBuildPhase;
			buildActionMask = 2147483647;
			files = (
			);
			runOnlyForDeploymentPostprocessing = 0;
		};
/* End PBXResourcesBuildPhase section */

/* Begin PBXShellScriptBuildPhase section */
		0DA227D208361C89AD05D095 /* [CP] Check Pods Manifest.lock */ = {
			isa = PBXShellScriptBuildPhase;
			buildActionMask = 2147483647;
			files = (
			);
			inputFileListPaths = (
			);
			inputPaths = (
				"${PODS_PODFILE_DIR_PATH}/Podfile.lock",
				"${PODS_ROOT}/Manifest.lock",
			);
			name = "[CP] Check Pods Manifest.lock";
			outputFileListPaths = (
			);
			outputPaths = (
				"$(DERIVED_FILE_DIR)/Pods-MoviesList-checkManifestLockResult.txt",
			);
			runOnlyForDeploymentPostprocessing = 0;
			shellPath = /bin/sh;
			shellScript = "diff \"${PODS_PODFILE_DIR_PATH}/Podfile.lock\" \"${PODS_ROOT}/Manifest.lock\" > /dev/null\nif [ $? != 0 ] ; then\n    # print error to STDERR\n    echo \"error: The sandbox is not in sync with the Podfile.lock. Run 'pod install' or update your CocoaPods installation.\" >&2\n    exit 1\nfi\n# This output is used by Xcode 'outputs' to avoid re-running this script phase.\necho \"SUCCESS\" > \"${SCRIPT_OUTPUT_FILE_0}\"\n";
			showEnvVarsInLog = 0;
		};
		4F930C25C597B0CEF12E3EE1 /* [CP] Check Pods Manifest.lock */ = {
			isa = PBXShellScriptBuildPhase;
			buildActionMask = 2147483647;
			files = (
			);
			inputFileListPaths = (
			);
			inputPaths = (
				"${PODS_PODFILE_DIR_PATH}/Podfile.lock",
				"${PODS_ROOT}/Manifest.lock",
			);
			name = "[CP] Check Pods Manifest.lock";
			outputFileListPaths = (
			);
			outputPaths = (
				"$(DERIVED_FILE_DIR)/Pods-MoviesList-MoviesListUITests-checkManifestLockResult.txt",
			);
			runOnlyForDeploymentPostprocessing = 0;
			shellPath = /bin/sh;
			shellScript = "diff \"${PODS_PODFILE_DIR_PATH}/Podfile.lock\" \"${PODS_ROOT}/Manifest.lock\" > /dev/null\nif [ $? != 0 ] ; then\n    # print error to STDERR\n    echo \"error: The sandbox is not in sync with the Podfile.lock. Run 'pod install' or update your CocoaPods installation.\" >&2\n    exit 1\nfi\n# This output is used by Xcode 'outputs' to avoid re-running this script phase.\necho \"SUCCESS\" > \"${SCRIPT_OUTPUT_FILE_0}\"\n";
			showEnvVarsInLog = 0;
		};
		A1E6164E58275C5740830E88 /* [CP] Check Pods Manifest.lock */ = {
			isa = PBXShellScriptBuildPhase;
			buildActionMask = 2147483647;
			files = (
			);
			inputFileListPaths = (
			);
			inputPaths = (
				"${PODS_PODFILE_DIR_PATH}/Podfile.lock",
				"${PODS_ROOT}/Manifest.lock",
			);
			name = "[CP] Check Pods Manifest.lock";
			outputFileListPaths = (
			);
			outputPaths = (
				"$(DERIVED_FILE_DIR)/Pods-MoviesListTests-checkManifestLockResult.txt",
			);
			runOnlyForDeploymentPostprocessing = 0;
			shellPath = /bin/sh;
			shellScript = "diff \"${PODS_PODFILE_DIR_PATH}/Podfile.lock\" \"${PODS_ROOT}/Manifest.lock\" > /dev/null\nif [ $? != 0 ] ; then\n    # print error to STDERR\n    echo \"error: The sandbox is not in sync with the Podfile.lock. Run 'pod install' or update your CocoaPods installation.\" >&2\n    exit 1\nfi\n# This output is used by Xcode 'outputs' to avoid re-running this script phase.\necho \"SUCCESS\" > \"${SCRIPT_OUTPUT_FILE_0}\"\n";
			showEnvVarsInLog = 0;
		};
		BBD4D67B922B3DED80677632 /* [CP] Embed Pods Frameworks */ = {
			isa = PBXShellScriptBuildPhase;
			buildActionMask = 2147483647;
			files = (
			);
			inputFileListPaths = (
				"${PODS_ROOT}/Target Support Files/Pods-MoviesList-MoviesListUITests/Pods-MoviesList-MoviesListUITests-frameworks-${CONFIGURATION}-input-files.xcfilelist",
			);
			name = "[CP] Embed Pods Frameworks";
			outputFileListPaths = (
				"${PODS_ROOT}/Target Support Files/Pods-MoviesList-MoviesListUITests/Pods-MoviesList-MoviesListUITests-frameworks-${CONFIGURATION}-output-files.xcfilelist",
			);
			runOnlyForDeploymentPostprocessing = 0;
			shellPath = /bin/sh;
			shellScript = "\"${PODS_ROOT}/Target Support Files/Pods-MoviesList-MoviesListUITests/Pods-MoviesList-MoviesListUITests-frameworks.sh\"\n";
			showEnvVarsInLog = 0;
		};
		BC54C6AFCC8A98B832F28615 /* [CP] Embed Pods Frameworks */ = {
			isa = PBXShellScriptBuildPhase;
			buildActionMask = 2147483647;
			files = (
			);
			inputFileListPaths = (
				"${PODS_ROOT}/Target Support Files/Pods-MoviesList/Pods-MoviesList-frameworks-${CONFIGURATION}-input-files.xcfilelist",
			);
			name = "[CP] Embed Pods Frameworks";
			outputFileListPaths = (
				"${PODS_ROOT}/Target Support Files/Pods-MoviesList/Pods-MoviesList-frameworks-${CONFIGURATION}-output-files.xcfilelist",
			);
			runOnlyForDeploymentPostprocessing = 0;
			shellPath = /bin/sh;
			shellScript = "\"${PODS_ROOT}/Target Support Files/Pods-MoviesList/Pods-MoviesList-frameworks.sh\"\n";
			showEnvVarsInLog = 0;
		};
/* End PBXShellScriptBuildPhase section */

/* Begin PBXSourcesBuildPhase section */
		2229FC302943D26E002C6C37 /* Sources */ = {
			isa = PBXSourcesBuildPhase;
			buildActionMask = 2147483647;
			files = (
				229E11482947C05A00A941BB /* MoviesViewController.swift in Sources */,
				229E11542947C64600A941BB /* MoviesResponse.swift in Sources */,
				22538B262954CD950088A336 /* NSAttributedString+Extension.swift in Sources */,
				229E11502947C3ED00A941BB /* UITableView+Extension.swift in Sources */,
				22538B2029549AE50088A336 /* DetailViewData.swift in Sources */,
				22B36344294A2FDD005AF570 /* String+Extension.swift in Sources */,
				229E115A2947D07A00A941BB /* MoviesTableViewCell.swift in Sources */,
				22538B2429549BED0088A336 /* MovieDetailView.swift in Sources */,
				2229FC382943D26E002C6C37 /* AppDelegate.swift in Sources */,
				229E11522947C44000A941BB /* MoviesFactory.swift in Sources */,
				22E313A72949170800C483DE /* MoviesDataStore.swift in Sources */,
				22B8BC90294A114C00E85CCD /* MovieDetailInteractor.swift in Sources */,
				22538B1B295499130088A336 /* MovieDetailPresenter.swift in Sources */,
				22E313AB294925CA00C483DE /* UIColor+Extension.swift in Sources */,
				229E114E2947C26C00A941BB /* MoviesCustomView.swift in Sources */,
				22E313AD29492A8B00C483DE /* CGRect+Extension.swift in Sources */,
				22B8BC93294A11BD00E85CCD /* MovieDetailDataStore.swift in Sources */,
				22E313A929491AB900C483DE /* MoviesRouter.swift in Sources */,
				229E114C2947C13F00A941BB /* MoviesInteractor.swift in Sources */,
				229E11582947CD3100A941BB /* MoviesViewData.swift in Sources */,
				229E114A2947C0E000A941BB /* MoviesPresenter.swift in Sources */,
				22B8BC8C294A10C000E85CCD /* MovieDetailFactory.swift in Sources */,
				22B36346294A302C005AF570 /* UIView+Extension.swift in Sources */,
				22538B1D295499870088A336 /* MovieDetailViewController.swift in Sources */,
				229E11562947C8D700A941BB /* MoviesWorker.swift in Sources */,
			);
			runOnlyForDeploymentPostprocessing = 0;
		};
		2229FC462943D273002C6C37 /* Sources */ = {
			isa = PBXSourcesBuildPhase;
			buildActionMask = 2147483647;
			files = (
				2229FC4F2943D273002C6C37 /* MoviesListTests.swift in Sources */,
			);
			runOnlyForDeploymentPostprocessing = 0;
		};
		2229FC502943D274002C6C37 /* Sources */ = {
			isa = PBXSourcesBuildPhase;
			buildActionMask = 2147483647;
			files = (
				2229FC592943D274002C6C37 /* MoviesListUITests.swift in Sources */,
				2229FC5B2943D274002C6C37 /* MoviesListUITestsLaunchTests.swift in Sources */,
			);
			runOnlyForDeploymentPostprocessing = 0;
		};
/* End PBXSourcesBuildPhase section */

/* Begin PBXTargetDependency section */
		2229FC4C2943D273002C6C37 /* PBXTargetDependency */ = {
			isa = PBXTargetDependency;
			target = 2229FC332943D26E002C6C37 /* MoviesList */;
			targetProxy = 2229FC4B2943D273002C6C37 /* PBXContainerItemProxy */;
		};
		2229FC562943D274002C6C37 /* PBXTargetDependency */ = {
			isa = PBXTargetDependency;
			target = 2229FC332943D26E002C6C37 /* MoviesList */;
			targetProxy = 2229FC552943D274002C6C37 /* PBXContainerItemProxy */;
		};
/* End PBXTargetDependency section */

/* Begin PBXVariantGroup section */
		2229FC422943D273002C6C37 /* LaunchScreen.storyboard */ = {
			isa = PBXVariantGroup;
			children = (
				2229FC432943D273002C6C37 /* Base */,
			);
			name = LaunchScreen.storyboard;
			sourceTree = "<group>";
		};
/* End PBXVariantGroup section */

/* Begin XCBuildConfiguration section */
		2229FC5C2943D274002C6C37 /* Debug */ = {
			isa = XCBuildConfiguration;
			buildSettings = {
				ALWAYS_SEARCH_USER_PATHS = NO;
				CLANG_ANALYZER_NONNULL = YES;
				CLANG_ANALYZER_NUMBER_OBJECT_CONVERSION = YES_AGGRESSIVE;
				CLANG_CXX_LANGUAGE_STANDARD = "gnu++20";
				CLANG_ENABLE_MODULES = YES;
				CLANG_ENABLE_OBJC_ARC = YES;
				CLANG_ENABLE_OBJC_WEAK = YES;
				CLANG_WARN_BLOCK_CAPTURE_AUTORELEASING = YES;
				CLANG_WARN_BOOL_CONVERSION = YES;
				CLANG_WARN_COMMA = YES;
				CLANG_WARN_CONSTANT_CONVERSION = YES;
				CLANG_WARN_DEPRECATED_OBJC_IMPLEMENTATIONS = YES;
				CLANG_WARN_DIRECT_OBJC_ISA_USAGE = YES_ERROR;
				CLANG_WARN_DOCUMENTATION_COMMENTS = YES;
				CLANG_WARN_EMPTY_BODY = YES;
				CLANG_WARN_ENUM_CONVERSION = YES;
				CLANG_WARN_INFINITE_RECURSION = YES;
				CLANG_WARN_INT_CONVERSION = YES;
				CLANG_WARN_NON_LITERAL_NULL_CONVERSION = YES;
				CLANG_WARN_OBJC_IMPLICIT_RETAIN_SELF = YES;
				CLANG_WARN_OBJC_LITERAL_CONVERSION = YES;
				CLANG_WARN_OBJC_ROOT_CLASS = YES_ERROR;
				CLANG_WARN_QUOTED_INCLUDE_IN_FRAMEWORK_HEADER = YES;
				CLANG_WARN_RANGE_LOOP_ANALYSIS = YES;
				CLANG_WARN_STRICT_PROTOTYPES = YES;
				CLANG_WARN_SUSPICIOUS_MOVE = YES;
				CLANG_WARN_UNGUARDED_AVAILABILITY = YES_AGGRESSIVE;
				CLANG_WARN_UNREACHABLE_CODE = YES;
				CLANG_WARN__DUPLICATE_METHOD_MATCH = YES;
				COPY_PHASE_STRIP = NO;
				DEBUG_INFORMATION_FORMAT = dwarf;
				ENABLE_STRICT_OBJC_MSGSEND = YES;
				ENABLE_TESTABILITY = YES;
				GCC_C_LANGUAGE_STANDARD = gnu11;
				GCC_DYNAMIC_NO_PIC = NO;
				GCC_NO_COMMON_BLOCKS = YES;
				GCC_OPTIMIZATION_LEVEL = 0;
				GCC_PREPROCESSOR_DEFINITIONS = (
					"DEBUG=1",
					"$(inherited)",
				);
				GCC_WARN_64_TO_32_BIT_CONVERSION = YES;
				GCC_WARN_ABOUT_RETURN_TYPE = YES_ERROR;
				GCC_WARN_UNDECLARED_SELECTOR = YES;
				GCC_WARN_UNINITIALIZED_AUTOS = YES_AGGRESSIVE;
				GCC_WARN_UNUSED_FUNCTION = YES;
				GCC_WARN_UNUSED_VARIABLE = YES;
				IPHONEOS_DEPLOYMENT_TARGET = 16.1;
				MTL_ENABLE_DEBUG_INFO = INCLUDE_SOURCE;
				MTL_FAST_MATH = YES;
				ONLY_ACTIVE_ARCH = YES;
				SDKROOT = iphoneos;
				SWIFT_ACTIVE_COMPILATION_CONDITIONS = DEBUG;
				SWIFT_OPTIMIZATION_LEVEL = "-Onone";
			};
			name = Debug;
		};
		2229FC5D2943D274002C6C37 /* Release */ = {
			isa = XCBuildConfiguration;
			buildSettings = {
				ALWAYS_SEARCH_USER_PATHS = NO;
				CLANG_ANALYZER_NONNULL = YES;
				CLANG_ANALYZER_NUMBER_OBJECT_CONVERSION = YES_AGGRESSIVE;
				CLANG_CXX_LANGUAGE_STANDARD = "gnu++20";
				CLANG_ENABLE_MODULES = YES;
				CLANG_ENABLE_OBJC_ARC = YES;
				CLANG_ENABLE_OBJC_WEAK = YES;
				CLANG_WARN_BLOCK_CAPTURE_AUTORELEASING = YES;
				CLANG_WARN_BOOL_CONVERSION = YES;
				CLANG_WARN_COMMA = YES;
				CLANG_WARN_CONSTANT_CONVERSION = YES;
				CLANG_WARN_DEPRECATED_OBJC_IMPLEMENTATIONS = YES;
				CLANG_WARN_DIRECT_OBJC_ISA_USAGE = YES_ERROR;
				CLANG_WARN_DOCUMENTATION_COMMENTS = YES;
				CLANG_WARN_EMPTY_BODY = YES;
				CLANG_WARN_ENUM_CONVERSION = YES;
				CLANG_WARN_INFINITE_RECURSION = YES;
				CLANG_WARN_INT_CONVERSION = YES;
				CLANG_WARN_NON_LITERAL_NULL_CONVERSION = YES;
				CLANG_WARN_OBJC_IMPLICIT_RETAIN_SELF = YES;
				CLANG_WARN_OBJC_LITERAL_CONVERSION = YES;
				CLANG_WARN_OBJC_ROOT_CLASS = YES_ERROR;
				CLANG_WARN_QUOTED_INCLUDE_IN_FRAMEWORK_HEADER = YES;
				CLANG_WARN_RANGE_LOOP_ANALYSIS = YES;
				CLANG_WARN_STRICT_PROTOTYPES = YES;
				CLANG_WARN_SUSPICIOUS_MOVE = YES;
				CLANG_WARN_UNGUARDED_AVAILABILITY = YES_AGGRESSIVE;
				CLANG_WARN_UNREACHABLE_CODE = YES;
				CLANG_WARN__DUPLICATE_METHOD_MATCH = YES;
				COPY_PHASE_STRIP = NO;
				DEBUG_INFORMATION_FORMAT = "dwarf-with-dsym";
				ENABLE_NS_ASSERTIONS = NO;
				ENABLE_STRICT_OBJC_MSGSEND = YES;
				GCC_C_LANGUAGE_STANDARD = gnu11;
				GCC_NO_COMMON_BLOCKS = YES;
				GCC_WARN_64_TO_32_BIT_CONVERSION = YES;
				GCC_WARN_ABOUT_RETURN_TYPE = YES_ERROR;
				GCC_WARN_UNDECLARED_SELECTOR = YES;
				GCC_WARN_UNINITIALIZED_AUTOS = YES_AGGRESSIVE;
				GCC_WARN_UNUSED_FUNCTION = YES;
				GCC_WARN_UNUSED_VARIABLE = YES;
				IPHONEOS_DEPLOYMENT_TARGET = 16.1;
				MTL_ENABLE_DEBUG_INFO = NO;
				MTL_FAST_MATH = YES;
				SDKROOT = iphoneos;
				SWIFT_COMPILATION_MODE = wholemodule;
				SWIFT_OPTIMIZATION_LEVEL = "-O";
				VALIDATE_PRODUCT = YES;
			};
			name = Release;
		};
		2229FC5F2943D274002C6C37 /* Debug */ = {
			isa = XCBuildConfiguration;
			baseConfigurationReference = D60E064A782A875FD67A032B /* Pods-MoviesList.debug.xcconfig */;
			buildSettings = {
				ASSETCATALOG_COMPILER_APPICON_NAME = AppIcon;
				ASSETCATALOG_COMPILER_GLOBAL_ACCENT_COLOR_NAME = AccentColor;
				CODE_SIGN_STYLE = Automatic;
				CURRENT_PROJECT_VERSION = 1;
				DEVELOPMENT_TEAM = V3X6DWH564;
				GENERATE_INFOPLIST_FILE = YES;
				INFOPLIST_FILE = MoviesList/Info.plist;
				INFOPLIST_KEY_UIApplicationSupportsIndirectInputEvents = YES;
				INFOPLIST_KEY_UILaunchStoryboardName = LaunchScreen;
				INFOPLIST_KEY_UISupportedInterfaceOrientations = UIInterfaceOrientationPortrait;
				INFOPLIST_KEY_UISupportedInterfaceOrientations_iPad = "UIInterfaceOrientationLandscapeLeft UIInterfaceOrientationLandscapeRight UIInterfaceOrientationPortrait UIInterfaceOrientationPortraitUpsideDown";
				IPHONEOS_DEPLOYMENT_TARGET = 13.0;
				LD_RUNPATH_SEARCH_PATHS = (
					"$(inherited)",
					"@executable_path/Frameworks",
				);
				MARKETING_VERSION = 1.0;
				PRODUCT_BUNDLE_IDENTIFIER = Mauricio.MoviesList;
				PRODUCT_NAME = "$(TARGET_NAME)";
				SUPPORTED_PLATFORMS = "iphoneos iphonesimulator";
				SUPPORTS_MACCATALYST = NO;
				SUPPORTS_MAC_DESIGNED_FOR_IPHONE_IPAD = NO;
				SWIFT_EMIT_LOC_STRINGS = YES;
				SWIFT_VERSION = 5.0;
				TARGETED_DEVICE_FAMILY = 1;
			};
			name = Debug;
		};
		2229FC602943D274002C6C37 /* Release */ = {
			isa = XCBuildConfiguration;
			baseConfigurationReference = 028C1FC8F8942999F2322A41 /* Pods-MoviesList.release.xcconfig */;
			buildSettings = {
				ASSETCATALOG_COMPILER_APPICON_NAME = AppIcon;
				ASSETCATALOG_COMPILER_GLOBAL_ACCENT_COLOR_NAME = AccentColor;
				CODE_SIGN_STYLE = Automatic;
				CURRENT_PROJECT_VERSION = 1;
				DEVELOPMENT_TEAM = V3X6DWH564;
				GENERATE_INFOPLIST_FILE = YES;
				INFOPLIST_FILE = MoviesList/Info.plist;
				INFOPLIST_KEY_UIApplicationSupportsIndirectInputEvents = YES;
				INFOPLIST_KEY_UILaunchStoryboardName = LaunchScreen;
				INFOPLIST_KEY_UISupportedInterfaceOrientations = UIInterfaceOrientationPortrait;
				INFOPLIST_KEY_UISupportedInterfaceOrientations_iPad = "UIInterfaceOrientationLandscapeLeft UIInterfaceOrientationLandscapeRight UIInterfaceOrientationPortrait UIInterfaceOrientationPortraitUpsideDown";
				IPHONEOS_DEPLOYMENT_TARGET = 13.0;
				LD_RUNPATH_SEARCH_PATHS = (
					"$(inherited)",
					"@executable_path/Frameworks",
				);
				MARKETING_VERSION = 1.0;
				PRODUCT_BUNDLE_IDENTIFIER = Mauricio.MoviesList;
				PRODUCT_NAME = "$(TARGET_NAME)";
				SUPPORTED_PLATFORMS = "iphoneos iphonesimulator";
				SUPPORTS_MACCATALYST = NO;
				SUPPORTS_MAC_DESIGNED_FOR_IPHONE_IPAD = NO;
				SWIFT_EMIT_LOC_STRINGS = YES;
				SWIFT_VERSION = 5.0;
				TARGETED_DEVICE_FAMILY = 1;
			};
			name = Release;
		};
		2229FC622943D274002C6C37 /* Debug */ = {
			isa = XCBuildConfiguration;
			baseConfigurationReference = EC291045960CCB18B0CA3AD6 /* Pods-MoviesListTests.debug.xcconfig */;
			buildSettings = {
				ALWAYS_EMBED_SWIFT_STANDARD_LIBRARIES = YES;
				BUNDLE_LOADER = "$(TEST_HOST)";
				CODE_SIGN_STYLE = Automatic;
				CURRENT_PROJECT_VERSION = 1;
				DEVELOPMENT_TEAM = V3X6DWH564;
				GENERATE_INFOPLIST_FILE = YES;
				IPHONEOS_DEPLOYMENT_TARGET = 16.1;
				MARKETING_VERSION = 1.0;
				PRODUCT_BUNDLE_IDENTIFIER = Mauricio.MoviesListTests;
				PRODUCT_NAME = "$(TARGET_NAME)";
				SWIFT_EMIT_LOC_STRINGS = NO;
				SWIFT_VERSION = 5.0;
				TARGETED_DEVICE_FAMILY = "1,2";
				TEST_HOST = "$(BUILT_PRODUCTS_DIR)/MoviesList.app/$(BUNDLE_EXECUTABLE_FOLDER_PATH)/MoviesList";
			};
			name = Debug;
		};
		2229FC632943D274002C6C37 /* Release */ = {
			isa = XCBuildConfiguration;
			baseConfigurationReference = 25F28CE2291FA660387559C7 /* Pods-MoviesListTests.release.xcconfig */;
			buildSettings = {
				ALWAYS_EMBED_SWIFT_STANDARD_LIBRARIES = YES;
				BUNDLE_LOADER = "$(TEST_HOST)";
				CODE_SIGN_STYLE = Automatic;
				CURRENT_PROJECT_VERSION = 1;
				DEVELOPMENT_TEAM = V3X6DWH564;
				GENERATE_INFOPLIST_FILE = YES;
				IPHONEOS_DEPLOYMENT_TARGET = 16.1;
				MARKETING_VERSION = 1.0;
				PRODUCT_BUNDLE_IDENTIFIER = Mauricio.MoviesListTests;
				PRODUCT_NAME = "$(TARGET_NAME)";
				SWIFT_EMIT_LOC_STRINGS = NO;
				SWIFT_VERSION = 5.0;
				TARGETED_DEVICE_FAMILY = "1,2";
				TEST_HOST = "$(BUILT_PRODUCTS_DIR)/MoviesList.app/$(BUNDLE_EXECUTABLE_FOLDER_PATH)/MoviesList";
			};
			name = Release;
		};
		2229FC652943D274002C6C37 /* Debug */ = {
			isa = XCBuildConfiguration;
			baseConfigurationReference = 63A4120B471D38B49A8D481F /* Pods-MoviesList-MoviesListUITests.debug.xcconfig */;
			buildSettings = {
				ALWAYS_EMBED_SWIFT_STANDARD_LIBRARIES = YES;
				CODE_SIGN_STYLE = Automatic;
				CURRENT_PROJECT_VERSION = 1;
				DEVELOPMENT_TEAM = V3X6DWH564;
				GENERATE_INFOPLIST_FILE = YES;
				MARKETING_VERSION = 1.0;
				PRODUCT_BUNDLE_IDENTIFIER = Mauricio.MoviesListUITests;
				PRODUCT_NAME = "$(TARGET_NAME)";
				SWIFT_EMIT_LOC_STRINGS = NO;
				SWIFT_VERSION = 5.0;
				TARGETED_DEVICE_FAMILY = "1,2";
				TEST_TARGET_NAME = MoviesList;
			};
			name = Debug;
		};
		2229FC662943D274002C6C37 /* Release */ = {
			isa = XCBuildConfiguration;
			baseConfigurationReference = F50DA52B0035D531484E9342 /* Pods-MoviesList-MoviesListUITests.release.xcconfig */;
			buildSettings = {
				ALWAYS_EMBED_SWIFT_STANDARD_LIBRARIES = YES;
				CODE_SIGN_STYLE = Automatic;
				CURRENT_PROJECT_VERSION = 1;
				DEVELOPMENT_TEAM = V3X6DWH564;
				GENERATE_INFOPLIST_FILE = YES;
				MARKETING_VERSION = 1.0;
				PRODUCT_BUNDLE_IDENTIFIER = Mauricio.MoviesListUITests;
				PRODUCT_NAME = "$(TARGET_NAME)";
				SWIFT_EMIT_LOC_STRINGS = NO;
				SWIFT_VERSION = 5.0;
				TARGETED_DEVICE_FAMILY = "1,2";
				TEST_TARGET_NAME = MoviesList;
			};
			name = Release;
		};
/* End XCBuildConfiguration section */

/* Begin XCConfigurationList section */
		2229FC2F2943D26D002C6C37 /* Build configuration list for PBXProject "MoviesList" */ = {
			isa = XCConfigurationList;
			buildConfigurations = (
				2229FC5C2943D274002C6C37 /* Debug */,
				2229FC5D2943D274002C6C37 /* Release */,
			);
			defaultConfigurationIsVisible = 0;
			defaultConfigurationName = Release;
		};
		2229FC5E2943D274002C6C37 /* Build configuration list for PBXNativeTarget "MoviesList" */ = {
			isa = XCConfigurationList;
			buildConfigurations = (
				2229FC5F2943D274002C6C37 /* Debug */,
				2229FC602943D274002C6C37 /* Release */,
			);
			defaultConfigurationIsVisible = 0;
			defaultConfigurationName = Release;
		};
		2229FC612943D274002C6C37 /* Build configuration list for PBXNativeTarget "MoviesListTests" */ = {
			isa = XCConfigurationList;
			buildConfigurations = (
				2229FC622943D274002C6C37 /* Debug */,
				2229FC632943D274002C6C37 /* Release */,
			);
			defaultConfigurationIsVisible = 0;
			defaultConfigurationName = Release;
		};
		2229FC642943D274002C6C37 /* Build configuration list for PBXNativeTarget "MoviesListUITests" */ = {
			isa = XCConfigurationList;
			buildConfigurations = (
				2229FC652943D274002C6C37 /* Debug */,
				2229FC662943D274002C6C37 /* Release */,
			);
			defaultConfigurationIsVisible = 0;
			defaultConfigurationName = Release;
		};
/* End XCConfigurationList section */
	};
	rootObject = 2229FC2C2943D26D002C6C37 /* Project object */;
}
